// !$*UTF8*$!
{
	archiveVersion = 1;
	classes = {
	};
	objectVersion = 56;
	objects = {

/* Begin PBXBuildFile section */
		D1AC09282B45F386000753E2 /* DBProjectTracker.swift in Sources */ = {isa = PBXBuildFile; fileRef = D1AC09272B45F386000753E2 /* DBProjectTracker.swift */; };
		D1AC092A2B45F386000753E2 /* ProjectListView.swift in Sources */ = {isa = PBXBuildFile; fileRef = D1AC09292B45F386000753E2 /* ProjectListView.swift */; };
		D1AC092C2B45F387000753E2 /* Assets.xcassets in Resources */ = {isa = PBXBuildFile; fileRef = D1AC092B2B45F387000753E2 /* Assets.xcassets */; };
		D1AC092F2B45F387000753E2 /* Preview Assets.xcassets in Resources */ = {isa = PBXBuildFile; fileRef = D1AC092E2B45F387000753E2 /* Preview Assets.xcassets */; };
		D1AC09372B45F3E4000753E2 /* Project.swift in Sources */ = {isa = PBXBuildFile; fileRef = D1AC09362B45F3E4000753E2 /* Project.swift */; };
		D1AC09392B45F542000753E2 /* ProjectUpdate.swift in Sources */ = {isa = PBXBuildFile; fileRef = D1AC09382B45F542000753E2 /* ProjectUpdate.swift */; };
		D1AC093C2B45FB58000753E2 /* FontHelper.swift in Sources */ = {isa = PBXBuildFile; fileRef = D1AC093B2B45FB58000753E2 /* FontHelper.swift */; };
		D1F427812B55D908002D7980 /* StatBubbleView.swift in Sources */ = {isa = PBXBuildFile; fileRef = D1F427802B55D908002D7980 /* StatBubbleView.swift */; };
		D1F427842B55DB2D002D7980 /* ProjectCardView.swift in Sources */ = {isa = PBXBuildFile; fileRef = D1F427832B55DB2D002D7980 /* ProjectCardView.swift */; };
		D1F427862B56051C002D7980 /* EditProjectView.swift in Sources */ = {isa = PBXBuildFile; fileRef = D1F427852B56051C002D7980 /* EditProjectView.swift */; };
		D1F427892B56E8AF002D7980 /* ProjectDetailView.swift in Sources */ = {isa = PBXBuildFile; fileRef = D1F427882B56E8AF002D7980 /* ProjectDetailView.swift */; };
		D1F4278B2B5747E1002D7980 /* ProjectUpdateView.swift in Sources */ = {isa = PBXBuildFile; fileRef = D1F4278A2B5747E1002D7980 /* ProjectUpdateView.swift */; };
		D1F4278D2B5783E9002D7980 /* EditUpdateView.swift in Sources */ = {isa = PBXBuildFile; fileRef = D1F4278C2B5783E9002D7980 /* EditUpdateView.swift */; };
		D1F4278F2B579874002D7980 /* DateHelper.swift in Sources */ = {isa = PBXBuildFile; fileRef = D1F4278E2B579874002D7980 /* DateHelper.swift */; };
		D1F427912B586FCA002D7980 /* EditFocusView.swift in Sources */ = {isa = PBXBuildFile; fileRef = D1F427902B586FCA002D7980 /* EditFocusView.swift */; };
		D1F427952B59D276002D7980 /* StatHelper.swift in Sources */ = {isa = PBXBuildFile; fileRef = D1F427942B59D276002D7980 /* StatHelper.swift */; };
/* End PBXBuildFile section */

/* Begin PBXFileReference section */
		D1AC09242B45F386000753E2 /* db-project-tracker.app */ = {isa = PBXFileReference; explicitFileType = wrapper.application; includeInIndex = 0; path = "db-project-tracker.app"; sourceTree = BUILT_PRODUCTS_DIR; };
		D1AC09272B45F386000753E2 /* DBProjectTracker.swift */ = {isa = PBXFileReference; lastKnownFileType = sourcecode.swift; path = DBProjectTracker.swift; sourceTree = "<group>"; };
		D1AC09292B45F386000753E2 /* ProjectListView.swift */ = {isa = PBXFileReference; lastKnownFileType = sourcecode.swift; path = ProjectListView.swift; sourceTree = "<group>"; };
		D1AC092B2B45F387000753E2 /* Assets.xcassets */ = {isa = PBXFileReference; lastKnownFileType = folder.assetcatalog; path = Assets.xcassets; sourceTree = "<group>"; };
		D1AC092E2B45F387000753E2 /* Preview Assets.xcassets */ = {isa = PBXFileReference; lastKnownFileType = folder.assetcatalog; path = "Preview Assets.xcassets"; sourceTree = "<group>"; };
		D1AC09362B45F3E4000753E2 /* Project.swift */ = {isa = PBXFileReference; lastKnownFileType = sourcecode.swift; path = Project.swift; sourceTree = "<group>"; };
		D1AC09382B45F542000753E2 /* ProjectUpdate.swift */ = {isa = PBXFileReference; lastKnownFileType = sourcecode.swift; path = ProjectUpdate.swift; sourceTree = "<group>"; };
		D1AC093B2B45FB58000753E2 /* FontHelper.swift */ = {isa = PBXFileReference; lastKnownFileType = sourcecode.swift; path = FontHelper.swift; sourceTree = "<group>"; };
		D1F427802B55D908002D7980 /* StatBubbleView.swift */ = {isa = PBXFileReference; lastKnownFileType = sourcecode.swift; path = StatBubbleView.swift; sourceTree = "<group>"; };
		D1F427832B55DB2D002D7980 /* ProjectCardView.swift */ = {isa = PBXFileReference; lastKnownFileType = sourcecode.swift; path = ProjectCardView.swift; sourceTree = "<group>"; };
		D1F427852B56051C002D7980 /* EditProjectView.swift */ = {isa = PBXFileReference; lastKnownFileType = sourcecode.swift; path = EditProjectView.swift; sourceTree = "<group>"; };
		D1F427882B56E8AF002D7980 /* ProjectDetailView.swift */ = {isa = PBXFileReference; lastKnownFileType = sourcecode.swift; path = ProjectDetailView.swift; sourceTree = "<group>"; };
		D1F4278A2B5747E1002D7980 /* ProjectUpdateView.swift */ = {isa = PBXFileReference; lastKnownFileType = sourcecode.swift; path = ProjectUpdateView.swift; sourceTree = "<group>"; };
		D1F4278C2B5783E9002D7980 /* EditUpdateView.swift */ = {isa = PBXFileReference; lastKnownFileType = sourcecode.swift; path = EditUpdateView.swift; sourceTree = "<group>"; };
		D1F4278E2B579874002D7980 /* DateHelper.swift */ = {isa = PBXFileReference; lastKnownFileType = sourcecode.swift; path = DateHelper.swift; sourceTree = "<group>"; };
		D1F427902B586FCA002D7980 /* EditFocusView.swift */ = {isa = PBXFileReference; lastKnownFileType = sourcecode.swift; path = EditFocusView.swift; sourceTree = "<group>"; };
		D1F427942B59D276002D7980 /* StatHelper.swift */ = {isa = PBXFileReference; lastKnownFileType = sourcecode.swift; path = StatHelper.swift; sourceTree = "<group>"; };
/* End PBXFileReference section */

/* Begin PBXFrameworksBuildPhase section */
		D1AC09212B45F386000753E2 /* Frameworks */ = {
			isa = PBXFrameworksBuildPhase;
			buildActionMask = 2147483647;
			files = (
			);
			runOnlyForDeploymentPostprocessing = 0;
		};
/* End PBXFrameworksBuildPhase section */

/* Begin PBXGroup section */
		D1AC091B2B45F386000753E2 = {
			isa = PBXGroup;
			children = (
				D1AC09262B45F386000753E2 /* db-project-tracker */,
				D1AC09252B45F386000753E2 /* Products */,
			);
			sourceTree = "<group>";
		};
		D1AC09252B45F386000753E2 /* Products */ = {
			isa = PBXGroup;
			children = (
				D1AC09242B45F386000753E2 /* db-project-tracker.app */,
			);
			name = Products;
			sourceTree = "<group>";
		};
		D1AC09262B45F386000753E2 /* db-project-tracker */ = {
			isa = PBXGroup;
			children = (
				D1AC09272B45F386000753E2 /* DBProjectTracker.swift */,
				D1F427822B55D971002D7980 /* Project List */,
				D1AC09352B45F3D0000753E2 /* Models */,
				D1AC093A2B45FB3E000753E2 /* Helpers */,
				D1AC092B2B45F387000753E2 /* Assets.xcassets */,
				D1AC092D2B45F387000753E2 /* Preview Content */,
			);
			path = "db-project-tracker";
			sourceTree = "<group>";
		};
		D1AC092D2B45F387000753E2 /* Preview Content */ = {
			isa = PBXGroup;
			children = (
				D1AC092E2B45F387000753E2 /* Preview Assets.xcassets */,
			);
			path = "Preview Content";
			sourceTree = "<group>";
		};
		D1AC09352B45F3D0000753E2 /* Models */ = {
			isa = PBXGroup;
			children = (
				D1AC09362B45F3E4000753E2 /* Project.swift */,
				D1AC09382B45F542000753E2 /* ProjectUpdate.swift */,
			);
			path = Models;
			sourceTree = "<group>";
		};
		D1AC093A2B45FB3E000753E2 /* Helpers */ = {
			isa = PBXGroup;
			children = (
				D1AC093B2B45FB58000753E2 /* FontHelper.swift */,
				D1F4278E2B579874002D7980 /* DateHelper.swift */,
				D1F427942B59D276002D7980 /* StatHelper.swift */,
			);
			path = Helpers;
			sourceTree = "<group>";
		};
		D1F427822B55D971002D7980 /* Project List */ = {
			isa = PBXGroup;
			children = (
				D1F427852B56051C002D7980 /* EditProjectView.swift */,
				D1AC09292B45F386000753E2 /* ProjectListView.swift */,
				D1F427802B55D908002D7980 /* StatBubbleView.swift */,
				D1F427832B55DB2D002D7980 /* ProjectCardView.swift */,
				D1F427872B56E89D002D7980 /* ProjectDetail */,
			);
			path = "Project List";
			sourceTree = "<group>";
		};
		D1F427872B56E89D002D7980 /* ProjectDetail */ = {
			isa = PBXGroup;
			children = (
				D1F427882B56E8AF002D7980 /* ProjectDetailView.swift */,
				D1F4278A2B5747E1002D7980 /* ProjectUpdateView.swift */,
				D1F4278C2B5783E9002D7980 /* EditUpdateView.swift */,
				D1F427902B586FCA002D7980 /* EditFocusView.swift */,
			);
			path = ProjectDetail;
			sourceTree = "<group>";
		};
/* End PBXGroup section */

/* Begin PBXNativeTarget section */
		D1AC09232B45F386000753E2 /* db-project-tracker */ = {
			isa = PBXNativeTarget;
			buildConfigurationList = D1AC09322B45F387000753E2 /* Build configuration list for PBXNativeTarget "db-project-tracker" */;
			buildPhases = (
				D1AC09202B45F386000753E2 /* Sources */,
				D1AC09212B45F386000753E2 /* Frameworks */,
				D1AC09222B45F386000753E2 /* Resources */,
			);
			buildRules = (
			);
			dependencies = (
			);
			name = "db-project-tracker";
			productName = "db-project-tracker";
			productReference = D1AC09242B45F386000753E2 /* db-project-tracker.app */;
			productType = "com.apple.product-type.application";
		};
/* End PBXNativeTarget section */

/* Begin PBXProject section */
		D1AC091C2B45F386000753E2 /* Project object */ = {
			isa = PBXProject;
			attributes = {
				BuildIndependentTargetsInParallel = 1;
				LastSwiftUpdateCheck = 1500;
				LastUpgradeCheck = 1500;
				TargetAttributes = {
					D1AC09232B45F386000753E2 = {
						CreatedOnToolsVersion = 15.0.1;
					};
				};
			};
			buildConfigurationList = D1AC091F2B45F386000753E2 /* Build configuration list for PBXProject "db-project-tracker" */;
			compatibilityVersion = "Xcode 14.0";
			developmentRegion = en;
			hasScannedForEncodings = 0;
			knownRegions = (
				en,
				Base,
			);
			mainGroup = D1AC091B2B45F386000753E2;
			productRefGroup = D1AC09252B45F386000753E2 /* Products */;
			projectDirPath = "";
			projectRoot = "";
			targets = (
				D1AC09232B45F386000753E2 /* db-project-tracker */,
			);
		};
/* End PBXProject section */

/* Begin PBXResourcesBuildPhase section */
		D1AC09222B45F386000753E2 /* Resources */ = {
			isa = PBXResourcesBuildPhase;
			buildActionMask = 2147483647;
			files = (
				D1AC092F2B45F387000753E2 /* Preview Assets.xcassets in Resources */,
				D1AC092C2B45F387000753E2 /* Assets.xcassets in Resources */,
			);
			runOnlyForDeploymentPostprocessing = 0;
		};
/* End PBXResourcesBuildPhase section */

/* Begin PBXSourcesBuildPhase section */
		D1AC09202B45F386000753E2 /* Sources */ = {
			isa = PBXSourcesBuildPhase;
			buildActionMask = 2147483647;
			files = (
				D1AC09392B45F542000753E2 /* ProjectUpdate.swift in Sources */,
				D1AC093C2B45FB58000753E2 /* FontHelper.swift in Sources */,
				D1F427912B586FCA002D7980 /* EditFocusView.swift in Sources */,
				D1F427892B56E8AF002D7980 /* ProjectDetailView.swift in Sources */,
				D1F427862B56051C002D7980 /* EditProjectView.swift in Sources */,
				D1AC092A2B45F386000753E2 /* ProjectListView.swift in Sources */,
				D1AC09282B45F386000753E2 /* DBProjectTracker.swift in Sources */,
				D1F427842B55DB2D002D7980 /* ProjectCardView.swift in Sources */,
				D1F4278B2B5747E1002D7980 /* ProjectUpdateView.swift in Sources */,
				D1F427812B55D908002D7980 /* StatBubbleView.swift in Sources */,
				D1F4278F2B579874002D7980 /* DateHelper.swift in Sources */,
				D1F427952B59D276002D7980 /* StatHelper.swift in Sources */,
				D1AC09372B45F3E4000753E2 /* Project.swift in Sources */,
				D1F4278D2B5783E9002D7980 /* EditUpdateView.swift in Sources */,
			);
			runOnlyForDeploymentPostprocessing = 0;
		};
/* End PBXSourcesBuildPhase section */

/* Begin XCBuildConfiguration section */
		D1AC09302B45F387000753E2 /* Debug */ = {
			isa = XCBuildConfiguration;
			buildSettings = {
				ALWAYS_SEARCH_USER_PATHS = NO;
				ASSETCATALOG_COMPILER_GENERATE_SWIFT_ASSET_SYMBOL_EXTENSIONS = YES;
				CLANG_ANALYZER_NONNULL = YES;
				CLANG_ANALYZER_NUMBER_OBJECT_CONVERSION = YES_AGGRESSIVE;
				CLANG_CXX_LANGUAGE_STANDARD = "gnu++20";
				CLANG_ENABLE_MODULES = YES;
				CLANG_ENABLE_OBJC_ARC = YES;
				CLANG_ENABLE_OBJC_WEAK = YES;
				CLANG_WARN_BLOCK_CAPTURE_AUTORELEASING = YES;
				CLANG_WARN_BOOL_CONVERSION = YES;
				CLANG_WARN_COMMA = YES;
				CLANG_WARN_CONSTANT_CONVERSION = YES;
				CLANG_WARN_DEPRECATED_OBJC_IMPLEMENTATIONS = YES;
				CLANG_WARN_DIRECT_OBJC_ISA_USAGE = YES_ERROR;
				CLANG_WARN_DOCUMENTATION_COMMENTS = YES;
				CLANG_WARN_EMPTY_BODY = YES;
				CLANG_WARN_ENUM_CONVERSION = YES;
				CLANG_WARN_INFINITE_RECURSION = YES;
				CLANG_WARN_INT_CONVERSION = YES;
				CLANG_WARN_NON_LITERAL_NULL_CONVERSION = YES;
				CLANG_WARN_OBJC_IMPLICIT_RETAIN_SELF = YES;
				CLANG_WARN_OBJC_LITERAL_CONVERSION = YES;
				CLANG_WARN_OBJC_ROOT_CLASS = YES_ERROR;
				CLANG_WARN_QUOTED_INCLUDE_IN_FRAMEWORK_HEADER = YES;
				CLANG_WARN_RANGE_LOOP_ANALYSIS = YES;
				CLANG_WARN_STRICT_PROTOTYPES = YES;
				CLANG_WARN_SUSPICIOUS_MOVE = YES;
				CLANG_WARN_UNGUARDED_AVAILABILITY = YES_AGGRESSIVE;
				CLANG_WARN_UNREACHABLE_CODE = YES;
				CLANG_WARN__DUPLICATE_METHOD_MATCH = YES;
				COPY_PHASE_STRIP = NO;
				DEBUG_INFORMATION_FORMAT = dwarf;
				ENABLE_STRICT_OBJC_MSGSEND = YES;
				ENABLE_TESTABILITY = YES;
				ENABLE_USER_SCRIPT_SANDBOXING = YES;
				GCC_C_LANGUAGE_STANDARD = gnu17;
				GCC_DYNAMIC_NO_PIC = NO;
				GCC_NO_COMMON_BLOCKS = YES;
				GCC_OPTIMIZATION_LEVEL = 0;
				GCC_PREPROCESSOR_DEFINITIONS = (
					"DEBUG=1",
					"$(inherited)",
				);
				GCC_WARN_64_TO_32_BIT_CONVERSION = YES;
				GCC_WARN_ABOUT_RETURN_TYPE = YES_ERROR;
				GCC_WARN_UNDECLARED_SELECTOR = YES;
				GCC_WARN_UNINITIALIZED_AUTOS = YES_AGGRESSIVE;
				GCC_WARN_UNUSED_FUNCTION = YES;
				GCC_WARN_UNUSED_VARIABLE = YES;
				IPHONEOS_DEPLOYMENT_TARGET = 17.0;
				LOCALIZATION_PREFERS_STRING_CATALOGS = YES;
				MTL_ENABLE_DEBUG_INFO = INCLUDE_SOURCE;
				MTL_FAST_MATH = YES;
				ONLY_ACTIVE_ARCH = YES;
				SDKROOT = iphoneos;
				SWIFT_ACTIVE_COMPILATION_CONDITIONS = "DEBUG $(inherited)";
				SWIFT_OPTIMIZATION_LEVEL = "-Onone";
			};
			name = Debug;
		};
		D1AC09312B45F387000753E2 /* Release */ = {
			isa = XCBuildConfiguration;
			buildSettings = {
				ALWAYS_SEARCH_USER_PATHS = NO;
				ASSETCATALOG_COMPILER_GENERATE_SWIFT_ASSET_SYMBOL_EXTENSIONS = YES;
				CLANG_ANALYZER_NONNULL = YES;
				CLANG_ANALYZER_NUMBER_OBJECT_CONVERSION = YES_AGGRESSIVE;
				CLANG_CXX_LANGUAGE_STANDARD = "gnu++20";
				CLANG_ENABLE_MODULES = YES;
				CLANG_ENABLE_OBJC_ARC = YES;
				CLANG_ENABLE_OBJC_WEAK = YES;
				CLANG_WARN_BLOCK_CAPTURE_AUTORELEASING = YES;
				CLANG_WARN_BOOL_CONVERSION = YES;
				CLANG_WARN_COMMA = YES;
				CLANG_WARN_CONSTANT_CONVERSION = YES;
				CLANG_WARN_DEPRECATED_OBJC_IMPLEMENTATIONS = YES;
				CLANG_WARN_DIRECT_OBJC_ISA_USAGE = YES_ERROR;
				CLANG_WARN_DOCUMENTATION_COMMENTS = YES;
				CLANG_WARN_EMPTY_BODY = YES;
				CLANG_WARN_ENUM_CONVERSION = YES;
				CLANG_WARN_INFINITE_RECURSION = YES;
				CLANG_WARN_INT_CONVERSION = YES;
				CLANG_WARN_NON_LITERAL_NULL_CONVERSION = YES;
				CLANG_WARN_OBJC_IMPLICIT_RETAIN_SELF = YES;
				CLANG_WARN_OBJC_LITERAL_CONVERSION = YES;
				CLANG_WARN_OBJC_ROOT_CLASS = YES_ERROR;
				CLANG_WARN_QUOTED_INCLUDE_IN_FRAMEWORK_HEADER = YES;
				CLANG_WARN_RANGE_LOOP_ANALYSIS = YES;
				CLANG_WARN_STRICT_PROTOTYPES = YES;
				CLANG_WARN_SUSPICIOUS_MOVE = YES;
				CLANG_WARN_UNGUARDED_AVAILABILITY = YES_AGGRESSIVE;
				CLANG_WARN_UNREACHABLE_CODE = YES;
				CLANG_WARN__DUPLICATE_METHOD_MATCH = YES;
				COPY_PHASE_STRIP = NO;
				DEBUG_INFORMATION_FORMAT = "dwarf-with-dsym";
				ENABLE_NS_ASSERTIONS = NO;
				ENABLE_STRICT_OBJC_MSGSEND = YES;
				ENABLE_USER_SCRIPT_SANDBOXING = YES;
				GCC_C_LANGUAGE_STANDARD = gnu17;
				GCC_NO_COMMON_BLOCKS = YES;
				GCC_WARN_64_TO_32_BIT_CONVERSION = YES;
				GCC_WARN_ABOUT_RETURN_TYPE = YES_ERROR;
				GCC_WARN_UNDECLARED_SELECTOR = YES;
				GCC_WARN_UNINITIALIZED_AUTOS = YES_AGGRESSIVE;
				GCC_WARN_UNUSED_FUNCTION = YES;
				GCC_WARN_UNUSED_VARIABLE = YES;
				IPHONEOS_DEPLOYMENT_TARGET = 17.0;
				LOCALIZATION_PREFERS_STRING_CATALOGS = YES;
				MTL_ENABLE_DEBUG_INFO = NO;
				MTL_FAST_MATH = YES;
				SDKROOT = iphoneos;
				SWIFT_COMPILATION_MODE = wholemodule;
				VALIDATE_PRODUCT = YES;
			};
			name = Release;
		};
		D1AC09332B45F387000753E2 /* Debug */ = {
			isa = XCBuildConfiguration;
			buildSettings = {
				ASSETCATALOG_COMPILER_APPICON_NAME = AppIcon;
				ASSETCATALOG_COMPILER_GLOBAL_ACCENT_COLOR_NAME = AccentColor;
				CODE_SIGN_STYLE = Automatic;
				CURRENT_PROJECT_VERSION = 1;
				DEVELOPMENT_ASSET_PATHS = "\"db-project-tracker/Preview Content\"";
				DEVELOPMENT_TEAM = S643LW5WV7;
				ENABLE_PREVIEWS = YES;
				GENERATE_INFOPLIST_FILE = YES;
				INFOPLIST_KEY_UIApplicationSceneManifest_Generation = YES;
				INFOPLIST_KEY_UIApplicationSupportsIndirectInputEvents = YES;
				INFOPLIST_KEY_UILaunchScreen_Generation = YES;
				INFOPLIST_KEY_UISupportedInterfaceOrientations_iPad = "UIInterfaceOrientationPortrait UIInterfaceOrientationPortraitUpsideDown UIInterfaceOrientationLandscapeLeft UIInterfaceOrientationLandscapeRight";
				INFOPLIST_KEY_UISupportedInterfaceOrientations_iPhone = "UIInterfaceOrientationPortrait UIInterfaceOrientationLandscapeLeft UIInterfaceOrientationLandscapeRight";
				LD_RUNPATH_SEARCH_PATHS = (
					"$(inherited)",
					"@executable_path/Frameworks",
				);
				MARKETING_VERSION = 1.0;
				PRODUCT_BUNDLE_IDENTIFIER = "com.wilsonchan.db-project-tracker";
				PRODUCT_NAME = "$(TARGET_NAME)";
				SWIFT_EMIT_LOC_STRINGS = YES;
				SWIFT_VERSION = 5.0;
				TARGETED_DEVICE_FAMILY = "1,2";
			};
			name = Debug;
		};
		D1AC09342B45F387000753E2 /* Release */ = {
			isa = XCBuildConfiguration;
			buildSettings = {
				ASSETCATALOG_COMPILER_APPICON_NAME = AppIcon;
				ASSETCATALOG_COMPILER_GLOBAL_ACCENT_COLOR_NAME = AccentColor;
				CODE_SIGN_STYLE = Automatic;
				CURRENT_PROJECT_VERSION = 1;
				DEVELOPMENT_ASSET_PATHS = "\"db-project-tracker/Preview Content\"";
				DEVELOPMENT_TEAM = S643LW5WV7;
				ENABLE_PREVIEWS = YES;
				GENERATE_INFOPLIST_FILE = YES;
				INFOPLIST_KEY_UIApplicationSceneManifest_Generation = YES;
				INFOPLIST_KEY_UIApplicationSupportsIndirectInputEvents = YES;
				INFOPLIST_KEY_UILaunchScreen_Generation = YES;
				INFOPLIST_KEY_UISupportedInterfaceOrientations_iPad = "UIInterfaceOrientationPortrait UIInterfaceOrientationPortraitUpsideDown UIInterfaceOrientationLandscapeLeft UIInterfaceOrientationLandscapeRight";
				INFOPLIST_KEY_UISupportedInterfaceOrientations_iPhone = "UIInterfaceOrientationPortrait UIInterfaceOrientationLandscapeLeft UIInterfaceOrientationLandscapeRight";
				LD_RUNPATH_SEARCH_PATHS = (
					"$(inherited)",
					"@executable_path/Frameworks",
				);
				MARKETING_VERSION = 1.0;
				PRODUCT_BUNDLE_IDENTIFIER = "com.wilsonchan.db-project-tracker";
				PRODUCT_NAME = "$(TARGET_NAME)";
				SWIFT_EMIT_LOC_STRINGS = YES;
				SWIFT_VERSION = 5.0;
				TARGETED_DEVICE_FAMILY = "1,2";
			};
			name = Release;
		};
/* End XCBuildConfiguration section */

/* Begin XCConfigurationList section */
		D1AC091F2B45F386000753E2 /* Build configuration list for PBXProject "db-project-tracker" */ = {
			isa = XCConfigurationList;
			buildConfigurations = (
				D1AC09302B45F387000753E2 /* Debug */,
				D1AC09312B45F387000753E2 /* Release */,
			);
			defaultConfigurationIsVisible = 0;
			defaultConfigurationName = Release;
		};
		D1AC09322B45F387000753E2 /* Build configuration list for PBXNativeTarget "db-project-tracker" */ = {
			isa = XCConfigurationList;
			buildConfigurations = (
				D1AC09332B45F387000753E2 /* Debug */,
				D1AC09342B45F387000753E2 /* Release */,
			);
			defaultConfigurationIsVisible = 0;
			defaultConfigurationName = Release;
		};
/* End XCConfigurationList section */
	};
	rootObject = D1AC091C2B45F386000753E2 /* Project object */;
}
